// !$*UTF8*$!
{
	archiveVersion = 1;
	classes = {
	};
	objectVersion = 46;
	objects = {

/* Begin PBXBuildFile section */
		4D32C5321F5FFD5200E2DD14 /* AppDelegate.swift in Sources */ = {isa = PBXBuildFile; fileRef = 4D32C5311F5FFD5200E2DD14 /* AppDelegate.swift */; };
		4D32C5341F5FFD5200E2DD14 /* ViewController.swift in Sources */ = {isa = PBXBuildFile; fileRef = 4D32C5331F5FFD5200E2DD14 /* ViewController.swift */; };
		4D32C5371F5FFD5200E2DD14 /* Main.storyboard in Resources */ = {isa = PBXBuildFile; fileRef = 4D32C5351F5FFD5200E2DD14 /* Main.storyboard */; };
		4D32C5391F5FFD5200E2DD14 /* Assets.xcassets in Resources */ = {isa = PBXBuildFile; fileRef = 4D32C5381F5FFD5200E2DD14 /* Assets.xcassets */; };
		4D32C53C1F5FFD5200E2DD14 /* LaunchScreen.storyboard in Resources */ = {isa = PBXBuildFile; fileRef = 4D32C53A1F5FFD5200E2DD14 /* LaunchScreen.storyboard */; };
		4D765C861F612BFC000806AE /* TouchIdManager.swift in Sources */ = {isa = PBXBuildFile; fileRef = 4D765C851F612BFC000806AE /* TouchIdManager.swift */; };
		4DF1A6591F60618B00D999C4 /* LocalAuthentication.framework in Frameworks */ = {isa = PBXBuildFile; fileRef = 4DF1A6581F60618B00D999C4 /* LocalAuthentication.framework */; };
/* End PBXBuildFile section */

/* Begin PBXFileReference section */
		4D32C52E1F5FFD5100E2DD14 /* TouchId.app */ = {isa = PBXFileReference; explicitFileType = wrapper.application; includeInIndex = 0; path = TouchId.app; sourceTree = BUILT_PRODUCTS_DIR; };
		4D32C5311F5FFD5200E2DD14 /* AppDelegate.swift */ = {isa = PBXFileReference; lastKnownFileType = sourcecode.swift; path = AppDelegate.swift; sourceTree = "<group>"; };
		4D32C5331F5FFD5200E2DD14 /* ViewController.swift */ = {isa = PBXFileReference; lastKnownFileType = sourcecode.swift; path = ViewController.swift; sourceTree = "<group>"; };
		4D32C5361F5FFD5200E2DD14 /* Base */ = {isa = PBXFileReference; lastKnownFileType = file.storyboard; name = Base; path = Base.lproj/Main.storyboard; sourceTree = "<group>"; };
		4D32C5381F5FFD5200E2DD14 /* Assets.xcassets */ = {isa = PBXFileReference; lastKnownFileType = folder.assetcatalog; path = Assets.xcassets; sourceTree = "<group>"; };
		4D32C53B1F5FFD5200E2DD14 /* Base */ = {isa = PBXFileReference; lastKnownFileType = file.storyboard; name = Base; path = Base.lproj/LaunchScreen.storyboard; sourceTree = "<group>"; };
		4D32C53D1F5FFD5300E2DD14 /* Info.plist */ = {isa = PBXFileReference; lastKnownFileType = text.plist.xml; path = Info.plist; sourceTree = "<group>"; };
		4D765C851F612BFC000806AE /* TouchIdManager.swift */ = {isa = PBXFileReference; fileEncoding = 4; lastKnownFileType = sourcecode.swift; path = TouchIdManager.swift; sourceTree = "<group>"; };
		4DF1A6581F60618B00D999C4 /* LocalAuthentication.framework */ = {isa = PBXFileReference; lastKnownFileType = wrapper.framework; name = LocalAuthentication.framework; path = System/Library/Frameworks/LocalAuthentication.framework; sourceTree = SDKROOT; };
/* End PBXFileReference section */

/* Begin PBXFrameworksBuildPhase section */
		4D32C52B1F5FFD5100E2DD14 /* Frameworks */ = {
			isa = PBXFrameworksBuildPhase;
			buildActionMask = 2147483647;
			files = (
				4DF1A6591F60618B00D999C4 /* LocalAuthentication.framework in Frameworks */,
			);
			runOnlyForDeploymentPostprocessing = 0;
		};
/* End PBXFrameworksBuildPhase section */

/* Begin PBXGroup section */
		4D32C5251F5FFD5100E2DD14 = {
			isa = PBXGroup;
			children = (
				4D32C5301F5FFD5100E2DD14 /* TouchId */,
				4D32C52F1F5FFD5100E2DD14 /* Products */,
				4DF1A6571F60618B00D999C4 /* Frameworks */,
			);
			sourceTree = "<group>";
		};
		4D32C52F1F5FFD5100E2DD14 /* Products */ = {
			isa = PBXGroup;
			children = (
				4D32C52E1F5FFD5100E2DD14 /* TouchId.app */,
			);
			name = Products;
			sourceTree = "<group>";
		};
		4D32C5301F5FFD5100E2DD14 /* TouchId */ = {
			isa = PBXGroup;
			children = (
				4D765C851F612BFC000806AE /* TouchIdManager.swift */,
				4D32C5311F5FFD5200E2DD14 /* AppDelegate.swift */,
				4D32C5331F5FFD5200E2DD14 /* ViewController.swift */,
				4D32C5351F5FFD5200E2DD14 /* Main.storyboard */,
				4D32C5381F5FFD5200E2DD14 /* Assets.xcassets */,
				4D32C53A1F5FFD5200E2DD14 /* LaunchScreen.storyboard */,
				4D32C53D1F5FFD5300E2DD14 /* Info.plist */,
			);
			path = TouchId;
			sourceTree = "<group>";
		};
		4DF1A6571F60618B00D999C4 /* Frameworks */ = {
			isa = PBXGroup;
			children = (
				4DF1A6581F60618B00D999C4 /* LocalAuthentication.framework */,
			);
			name = Frameworks;
			sourceTree = "<group>";
		};
/* End PBXGroup section */

/* Begin PBXNativeTarget section */
		4D32C52D1F5FFD5100E2DD14 /* TouchId */ = {
			isa = PBXNativeTarget;
			buildConfigurationList = 4D32C5401F5FFD5300E2DD14 /* Build configuration list for PBXNativeTarget "TouchId" */;
			buildPhases = (
				4D32C52A1F5FFD5100E2DD14 /* Sources */,
				4D32C52B1F5FFD5100E2DD14 /* Frameworks */,
				4D32C52C1F5FFD5100E2DD14 /* Resources */,
			);
			buildRules = (
			);
			dependencies = (
			);
			name = TouchId;
			productName = TouchId;
			productReference = 4D32C52E1F5FFD5100E2DD14 /* TouchId.app */;
			productType = "com.apple.product-type.application";
		};
/* End PBXNativeTarget section */

/* Begin PBXProject section */
		4D32C5261F5FFD5100E2DD14 /* Project object */ = {
			isa = PBXProject;
			attributes = {
				LastSwiftUpdateCheck = 0830;
				LastUpgradeCheck = 0830;
				ORGANIZATIONNAME = harman;
				TargetAttributes = {
					4D32C52D1F5FFD5100E2DD14 = {
						CreatedOnToolsVersion = 8.3.3;
						DevelopmentTeam = QM78Q6577U;
						ProvisioningStyle = Automatic;
					};
				};
			};
			buildConfigurationList = 4D32C5291F5FFD5100E2DD14 /* Build configuration list for PBXProject "TouchId" */;
			compatibilityVersion = "Xcode 3.2";
			developmentRegion = English;
			hasScannedForEncodings = 0;
			knownRegions = (
				en,
				Base,
			);
			mainGroup = 4D32C5251F5FFD5100E2DD14;
			productRefGroup = 4D32C52F1F5FFD5100E2DD14 /* Products */;
			projectDirPath = "";
			projectRoot = "";
			targets = (
				4D32C52D1F5FFD5100E2DD14 /* TouchId */,
			);
		};
/* End PBXProject section */

/* Begin PBXResourcesBuildPhase section */
		4D32C52C1F5FFD5100E2DD14 /* Resources */ = {
			isa = PBXResourcesBuildPhase;
			buildActionMask = 2147483647;
			files = (
				4D32C53C1F5FFD5200E2DD14 /* LaunchScreen.storyboard in Resources */,
				4D32C5391F5FFD5200E2DD14 /* Assets.xcassets in Resources */,
				4D32C5371F5FFD5200E2DD14 /* Main.storyboard in Resources */,
			);
			runOnlyForDeploymentPostprocessing = 0;
		};
/* End PBXResourcesBuildPhase section */

/* Begin PBXSourcesBuildPhase section */
		4D32C52A1F5FFD5100E2DD14 /* Sources */ = {
			isa = PBXSourcesBuildPhase;
			buildActionMask = 2147483647;
			files = (
				4D765C861F612BFC000806AE /* TouchIdManager.swift in Sources */,
				4D32C5341F5FFD5200E2DD14 /* ViewController.swift in Sources */,
				4D32C5321F5FFD5200E2DD14 /* AppDelegate.swift in Sources */,
			);
			runOnlyForDeploymentPostprocessing = 0;
		};
/* End PBXSourcesBuildPhase section */

/* Begin PBXVariantGroup section */
		4D32C5351F5FFD5200E2DD14 /* Main.storyboard */ = {
			isa = PBXVariantGroup;
			children = (
				4D32C5361F5FFD5200E2DD14 /* Base */,
			);
			name = Main.storyboard;
			sourceTree = "<group>";
		};
		4D32C53A1F5FFD5200E2DD14 /* LaunchScreen.storyboard */ = {
			isa = PBXVariantGroup;
			children = (
				4D32C53B1F5FFD5200E2DD14 /* Base */,
			);
			name = LaunchScreen.storyboard;
			sourceTree = "<group>";
		};
/* End PBXVariantGroup section */

/* Begin XCBuildConfiguration section */
		4D32C53E1F5FFD5300E2DD14 /* Debug */ = {
			isa = XCBuildConfiguration;
			buildSettings = {
				ALWAYS_SEARCH_USER_PATHS = NO;
				CLANG_ANALYZER_NONNULL = YES;
				CLANG_ANALYZER_NUMBER_OBJECT_CONVERSION = YES_AGGRESSIVE;
				CLANG_CXX_LANGUAGE_STANDARD = "gnu++0x";
				CLANG_CXX_LIBRARY = "libc++";
				CLANG_ENABLE_MODULES = YES;
				CLANG_ENABLE_OBJC_ARC = YES;
				CLANG_WARN_BOOL_CONVERSION = YES;
				CLANG_WARN_CONSTANT_CONVERSION = YES;
				CLANG_WARN_DIRECT_OBJC_ISA_USAGE = YES_ERROR;
				CLANG_WARN_DOCUMENTATION_COMMENTS = YES;
				CLANG_WARN_EMPTY_BODY = YES;
				CLANG_WARN_ENUM_CONVERSION = YES;
				CLANG_WARN_INFINITE_RECURSION = YES;
				CLANG_WARN_INT_CONVERSION = YES;
				CLANG_WARN_OBJC_ROOT_CLASS = YES_ERROR;
				CLANG_WARN_SUSPICIOUS_MOVE = YES;
				CLANG_WARN_UNREACHABLE_CODE = YES;
				CLANG_WARN__DUPLICATE_METHOD_MATCH = YES;
				"CODE_SIGN_IDENTITY[sdk=iphoneos*]" = "iPhone Developer";
				COPY_PHASE_STRIP = NO;
				DEBUG_INFORMATION_FORMAT = dwarf;
				ENABLE_STRICT_OBJC_MSGSEND = YES;
				ENABLE_TESTABILITY = YES;
				GCC_C_LANGUAGE_STANDARD = gnu99;
				GCC_DYNAMIC_NO_PIC = NO;
				GCC_NO_COMMON_BLOCKS = YES;
				GCC_OPTIMIZATION_LEVEL = 0;
				GCC_PREPROCESSOR_DEFINITIONS = (
					"DEBUG=1",
					"$(inherited)",
				);
				GCC_WARN_64_TO_32_BIT_CONVERSION = YES;
				GCC_WARN_ABOUT_RETURN_TYPE = YES_ERROR;
				GCC_WARN_UNDECLARED_SELECTOR = YES;
				GCC_WARN_UNINITIALIZED_AUTOS = YES_AGGRESSIVE;
				GCC_WARN_UNUSED_FUNCTION = YES;
				GCC_WARN_UNUSED_VARIABLE = YES;
				IPHONEOS_DEPLOYMENT_TARGET = 10.3;
				MTL_ENABLE_DEBUG_INFO = YES;
				ONLY_ACTIVE_ARCH = YES;
				SDKROOT = iphoneos;
				SWIFT_ACTIVE_COMPILATION_CONDITIONS = DEBUG;
				SWIFT_OPTIMIZATION_LEVEL = "-Onone";
				TARGETED_DEVICE_FAMILY = "1,2";
			};
			name = Debug;
		};
		4D32C53F1F5FFD5300E2DD14 /* Release */ = {
			isa = XCBuildConfiguration;
			buildSettings = {
				ALWAYS_SEARCH_USER_PATHS = NO;
				CLANG_ANALYZER_NONNULL = YES;
				CLANG_ANALYZER_NUMBER_OBJECT_CONVERSION = YES_AGGRESSIVE;
				CLANG_CXX_LANGUAGE_STANDARD = "gnu++0x";
				CLANG_CXX_LIBRARY = "libc++";
				CLANG_ENABLE_MODULES = YES;
				CLANG_ENABLE_OBJC_ARC = YES;
				CLANG_WARN_BOOL_CONVERSION = YES;
				CLANG_WARN_CONSTANT_CONVERSION = YES;
				CLANG_WARN_DIRECT_OBJC_ISA_USAGE = YES_ERROR;
				CLANG_WARN_DOCUMENTATION_COMMENTS = YES;
				CLANG_WARN_EMPTY_BODY = YES;
				CLANG_WARN_ENUM_CONVERSION = YES;
				CLANG_WARN_INFINITE_RECURSION = YES;
				CLANG_WARN_INT_CONVERSION = YES;
				CLANG_WARN_OBJC_ROOT_CLASS = YES_ERROR;
				CLANG_WARN_SUSPICIOUS_MOVE = YES;
				CLANG_WARN_UNREACHABLE_CODE = YES;
				CLANG_WARN__DUPLICATE_METHOD_MATCH = YES;
				"CODE_SIGN_IDENTITY[sdk=iphoneos*]" = "iPhone Developer";
				COPY_PHASE_STRIP = NO;
				DEBUG_INFORMATION_FORMAT = "dwarf-with-dsym";
				ENABLE_NS_ASSERTIONS = NO;
				ENABLE_STRICT_OBJC_MSGSEND = YES;
				GCC_C_LANGUAGE_STANDARD = gnu99;
				GCC_NO_COMMON_BLOCKS = YES;
				GCC_WARN_64_TO_32_BIT_CONVERSION = YES;
				GCC_WARN_ABOUT_RETURN_TYPE = YES_ERROR;
				GCC_WARN_UNDECLARED_SELECTOR = YES;
				GCC_WARN_UNINITIALIZED_AUTOS = YES_AGGRESSIVE;
				GCC_WARN_UNUSED_FUNCTION = YES;
				GCC_WARN_UNUSED_VARIABLE = YES;
				IPHONEOS_DEPLOYMENT_TARGET = 10.3;
				MTL_ENABLE_DEBUG_INFO = NO;
				SDKROOT = iphoneos;
				SWIFT_OPTIMIZATION_LEVEL = "-Owholemodule";
				TARGETED_DEVICE_FAMILY = "1,2";
				VALIDATE_PRODUCT = YES;
			};
			name = Release;
		};
		4D32C5411F5FFD5300E2DD14 /* Debug */ = {
			isa = XCBuildConfiguration;
			buildSettings = {
				ASSETCATALOG_COMPILER_APPICON_NAME = AppIcon;
				DEVELOPMENT_TEAM = QM78Q6577U;
				INFOPLIST_FILE = TouchId/Info.plist;
				LD_RUNPATH_SEARCH_PATHS = "$(inherited) @executable_path/Frameworks";
				PRODUCT_BUNDLE_IDENTIFIER = Harman.TouchId;
				PRODUCT_NAME = "$(TARGET_NAME)";
				SWIFT_VERSION = 3.0;
			};
			name = Debug;
		};
		4D32C5421F5FFD5300E2DD14 /* Release */ = {
			isa = XCBuildConfiguration;
			buildSettings = {
				ASSETCATALOG_COMPILER_APPICON_NAME = AppIcon;
				DEVELOPMENT_TEAM = QM78Q6577U;
				INFOPLIST_FILE = TouchId/Info.plist;
				LD_RUNPATH_SEARCH_PATHS = "$(inherited) @executable_path/Frameworks";
				PRODUCT_BUNDLE_IDENTIFIER = Harman.TouchId;
				PRODUCT_NAME = "$(TARGET_NAME)";
				SWIFT_VERSION = 3.0;
			};
			name = Release;
		};
/* End XCBuildConfiguration section */

/* Begin XCConfigurationList section */
		4D32C5291F5FFD5100E2DD14 /* Build configuration list for PBXProject "TouchId" */ = {
			isa = XCConfigurationList;
			buildConfigurations = (
				4D32C53E1F5FFD5300E2DD14 /* Debug */,
				4D32C53F1F5FFD5300E2DD14 /* Release */,
			);
			defaultConfigurationIsVisible = 0;
			defaultConfigurationName = Release;
		};
		4D32C5401F5FFD5300E2DD14 /* Build configuration list for PBXNativeTarget "TouchId" */ = {
			isa = XCConfigurationList;
			buildConfigurations = (
				4D32C5411F5FFD5300E2DD14 /* Debug */,
				4D32C5421F5FFD5300E2DD14 /* Release */,
			);
			defaultConfigurationIsVisible = 0;
			defaultConfigurationName = Release;
		};
/* End XCConfigurationList section */
	};
	rootObject = 4D32C5261F5FFD5100E2DD14 /* Project object */;
}
